
Microsoft Visual Studio Solution File, Format Version 12.00
# Visual Studio 15
VisualStudioVersion = 15.0.28307.329
MinimumVisualStudioVersion = 10.0.40219.1
Project("{FAE04EC0-301F-11D3-BF4B-00C04F79EFBC}") = "WebApiForAngular", "WebApiForAngular\WebApiForAngular.csproj", "{9C137284-305D-414B-A233-1337D91E9CCA}"
EndProject
Global
	GlobalSection(SolutionConfigurationPlatforms) = preSolution
		Debug|Any CPU = Debug|Any CPU
		Release|Any CPU = Release|Any CPU
	EndGlobalSection
	GlobalSection(ProjectConfigurationPlatforms) = postSolution
		{9C137284-305D-414B-A233-1337D91E9CCA}.Debug|Any CPU.ActiveCfg = Debug|Any CPU
		{9C137284-305D-414B-A233-1337D91E9CCA}.Debug|Any CPU.Build.0 = Debug|Any CPU
		{9C137284-305D-414B-A233-1337D91E9CCA}.Release|Any CPU.ActiveCfg = Release|Any CPU
		{9C137284-305D-414B-A233-1337D91E9CCA}.Release|Any CPU.Build.0 = Release|Any CPU
	EndGlobalSection
	GlobalSection(SolutionProperties) = preSolution
		HideSolutionNode = FALSE
	EndGlobalSection
	GlobalSection(ExtensibilityGlobals) = postSolution
		SolutionGuid = {81515AD7-D3EF-4E52-81F4-95C05D910312}
	EndGlobalSection
EndGlobal
